
Microsoft Visual Studio Solution File, Format Version 12.00
# Visual Studio 15
VisualStudioVersion = 15.0.28307.168
MinimumVisualStudioVersion = 10.0.40219.1
Project("{FAE04EC0-301F-11D3-BF4B-00C04F79EFBC}") = "Siparis", "Siparis\Siparis.csproj", "{CA270A39-8E87-4FB2-ACB3-682514CC5659}"
EndProject
Global
	GlobalSection(SolutionConfigurationPlatforms) = preSolution
		Debug|Any CPU = Debug|Any CPU
		Release|Any CPU = Release|Any CPU
	EndGlobalSection
	GlobalSection(ProjectConfigurationPlatforms) = postSolution
		{CA270A39-8E87-4FB2-ACB3-682514CC5659}.Debug|Any CPU.ActiveCfg = Debug|Any CPU
		{CA270A39-8E87-4FB2-ACB3-682514CC5659}.Debug|Any CPU.Build.0 = Debug|Any CPU
		{CA270A39-8E87-4FB2-ACB3-682514CC5659}.Release|Any CPU.ActiveCfg = Release|Any CPU
		{CA270A39-8E87-4FB2-ACB3-682514CC5659}.Release|Any CPU.Build.0 = Release|Any CPU
	EndGlobalSection
	GlobalSection(SolutionProperties) = preSolution
		HideSolutionNode = FALSE
	EndGlobalSection
	GlobalSection(ExtensibilityGlobals) = postSolution
		SolutionGuid = {B2472C71-604B-4B7D-9E6C-BB98F14B9584}
	EndGlobalSection
EndGlobal
